// !$*UTF8*$!
{
	archiveVersion = 1;
	classes = {
	};
	objectVersion = 56;
	objects = {

/* Begin PBXBuildFile section */
		079FC8332C3FF0EB00E7E59C /* TODOApp.swift in Sources */ = {isa = PBXBuildFile; fileRef = 079FC8322C3FF0EB00E7E59C /* TODOApp.swift */; };
		079FC8352C3FF0EB00E7E59C /* ContentView.swift in Sources */ = {isa = PBXBuildFile; fileRef = 079FC8342C3FF0EB00E7E59C /* ContentView.swift */; };
		079FC8372C3FF0EC00E7E59C /* Assets.xcassets in Resources */ = {isa = PBXBuildFile; fileRef = 079FC8362C3FF0EC00E7E59C /* Assets.xcassets */; };
		079FC83A2C3FF0EC00E7E59C /* Preview Assets.xcassets in Resources */ = {isa = PBXBuildFile; fileRef = 079FC8392C3FF0EC00E7E59C /* Preview Assets.xcassets */; };
		079FC8442C3FF0EC00E7E59C /* TODOTests.swift in Sources */ = {isa = PBXBuildFile; fileRef = 079FC8432C3FF0EC00E7E59C /* TODOTests.swift */; };
		079FC84E2C3FF0ED00E7E59C /* TODOUITests.swift in Sources */ = {isa = PBXBuildFile; fileRef = 079FC84D2C3FF0ED00E7E59C /* TODOUITests.swift */; };
		079FC8502C3FF0ED00E7E59C /* TODOUITestsLaunchTests.swift in Sources */ = {isa = PBXBuildFile; fileRef = 079FC84F2C3FF0ED00E7E59C /* TODOUITestsLaunchTests.swift */; };
		079FC85D2C3FF10800E7E59C /* TODOService.swift in Sources */ = {isa = PBXBuildFile; fileRef = 079FC85C2C3FF10800E7E59C /* TODOService.swift */; };
		079FC85F2C3FF11900E7E59C /* TODO.swift in Sources */ = {isa = PBXBuildFile; fileRef = 079FC85E2C3FF11900E7E59C /* TODO.swift */; };
/* End PBXBuildFile section */

/* Begin PBXContainerItemProxy section */
		079FC8402C3FF0EC00E7E59C /* PBXContainerItemProxy */ = {
			isa = PBXContainerItemProxy;
			containerPortal = 079FC8272C3FF0EB00E7E59C /* Project object */;
			proxyType = 1;
			remoteGlobalIDString = 079FC82E2C3FF0EB00E7E59C;
			remoteInfo = TODO;
		};
		079FC84A2C3FF0ED00E7E59C /* PBXContainerItemProxy */ = {
			isa = PBXContainerItemProxy;
			containerPortal = 079FC8272C3FF0EB00E7E59C /* Project object */;
			proxyType = 1;
			remoteGlobalIDString = 079FC82E2C3FF0EB00E7E59C;
			remoteInfo = TODO;
		};
/* End PBXContainerItemProxy section */

/* Begin PBXFileReference section */
		079FC82F2C3FF0EB00E7E59C /* TODO.app */ = {isa = PBXFileReference; explicitFileType = wrapper.application; includeInIndex = 0; path = TODO.app; sourceTree = BUILT_PRODUCTS_DIR; };
		079FC8322C3FF0EB00E7E59C /* TODOApp.swift */ = {isa = PBXFileReference; lastKnownFileType = sourcecode.swift; path = TODOApp.swift; sourceTree = "<group>"; };
		079FC8342C3FF0EB00E7E59C /* ContentView.swift */ = {isa = PBXFileReference; lastKnownFileType = sourcecode.swift; path = ContentView.swift; sourceTree = "<group>"; };
		079FC8362C3FF0EC00E7E59C /* Assets.xcassets */ = {isa = PBXFileReference; lastKnownFileType = folder.assetcatalog; path = Assets.xcassets; sourceTree = "<group>"; };
		079FC8392C3FF0EC00E7E59C /* Preview Assets.xcassets */ = {isa = PBXFileReference; lastKnownFileType = folder.assetcatalog; path = "Preview Assets.xcassets"; sourceTree = "<group>"; };
		079FC83F2C3FF0EC00E7E59C /* TODOTests.xctest */ = {isa = PBXFileReference; explicitFileType = wrapper.cfbundle; includeInIndex = 0; path = TODOTests.xctest; sourceTree = BUILT_PRODUCTS_DIR; };
		079FC8432C3FF0EC00E7E59C /* TODOTests.swift */ = {isa = PBXFileReference; lastKnownFileType = sourcecode.swift; path = TODOTests.swift; sourceTree = "<group>"; };
		079FC8492C3FF0ED00E7E59C /* TODOUITests.xctest */ = {isa = PBXFileReference; explicitFileType = wrapper.cfbundle; includeInIndex = 0; path = TODOUITests.xctest; sourceTree = BUILT_PRODUCTS_DIR; };
		079FC84D2C3FF0ED00E7E59C /* TODOUITests.swift */ = {isa = PBXFileReference; lastKnownFileType = sourcecode.swift; path = TODOUITests.swift; sourceTree = "<group>"; };
		079FC84F2C3FF0ED00E7E59C /* TODOUITestsLaunchTests.swift */ = {isa = PBXFileReference; lastKnownFileType = sourcecode.swift; path = TODOUITestsLaunchTests.swift; sourceTree = "<group>"; };
		079FC85C2C3FF10800E7E59C /* TODOService.swift */ = {isa = PBXFileReference; lastKnownFileType = sourcecode.swift; path = TODOService.swift; sourceTree = "<group>"; };
		079FC85E2C3FF11900E7E59C /* TODO.swift */ = {isa = PBXFileReference; lastKnownFileType = sourcecode.swift; path = TODO.swift; sourceTree = "<group>"; };
/* End PBXFileReference section */

/* Begin PBXFrameworksBuildPhase section */
		079FC82C2C3FF0EB00E7E59C /* Frameworks */ = {
			isa = PBXFrameworksBuildPhase;
			buildActionMask = 2147483647;
			files = (
			);
			runOnlyForDeploymentPostprocessing = 0;
		};
		079FC83C2C3FF0EC00E7E59C /* Frameworks */ = {
			isa = PBXFrameworksBuildPhase;
			buildActionMask = 2147483647;
			files = (
			);
			runOnlyForDeploymentPostprocessing = 0;
		};
		079FC8462C3FF0ED00E7E59C /* Frameworks */ = {
			isa = PBXFrameworksBuildPhase;
			buildActionMask = 2147483647;
			files = (
			);
			runOnlyForDeploymentPostprocessing = 0;
		};
/* End PBXFrameworksBuildPhase section */

/* Begin PBXGroup section */
		079FC8262C3FF0EB00E7E59C = {
			isa = PBXGroup;
			children = (
				079FC8312C3FF0EB00E7E59C /* TODO */,
				079FC8422C3FF0EC00E7E59C /* TODOTests */,
				079FC84C2C3FF0ED00E7E59C /* TODOUITests */,
				079FC8302C3FF0EB00E7E59C /* Products */,
			);
			sourceTree = "<group>";
		};
		079FC8302C3FF0EB00E7E59C /* Products */ = {
			isa = PBXGroup;
			children = (
				079FC82F2C3FF0EB00E7E59C /* TODO.app */,
				079FC83F2C3FF0EC00E7E59C /* TODOTests.xctest */,
				079FC8492C3FF0ED00E7E59C /* TODOUITests.xctest */,
			);
			name = Products;
			sourceTree = "<group>";
		};
		079FC8312C3FF0EB00E7E59C /* TODO */ = {
			isa = PBXGroup;
			children = (
				079FC8322C3FF0EB00E7E59C /* TODOApp.swift */,
				079FC8342C3FF0EB00E7E59C /* ContentView.swift */,
				079FC8362C3FF0EC00E7E59C /* Assets.xcassets */,
				079FC8382C3FF0EC00E7E59C /* Preview Content */,
				079FC85C2C3FF10800E7E59C /* TODOService.swift */,
				079FC85E2C3FF11900E7E59C /* TODO.swift */,
			);
			path = TODO;
			sourceTree = "<group>";
		};
		079FC8382C3FF0EC00E7E59C /* Preview Content */ = {
			isa = PBXGroup;
			children = (
				079FC8392C3FF0EC00E7E59C /* Preview Assets.xcassets */,
			);
			path = "Preview Content";
			sourceTree = "<group>";
		};
		079FC8422C3FF0EC00E7E59C /* TODOTests */ = {
			isa = PBXGroup;
			children = (
				079FC8432C3FF0EC00E7E59C /* TODOTests.swift */,
			);
			path = TODOTests;
			sourceTree = "<group>";
		};
		079FC84C2C3FF0ED00E7E59C /* TODOUITests */ = {
			isa = PBXGroup;
			children = (
				079FC84D2C3FF0ED00E7E59C /* TODOUITests.swift */,
				079FC84F2C3FF0ED00E7E59C /* TODOUITestsLaunchTests.swift */,
			);
			path = TODOUITests;
			sourceTree = "<group>";
		};
/* End PBXGroup section */

/* Begin PBXNativeTarget section */
		079FC82E2C3FF0EB00E7E59C /* TODO */ = {
			isa = PBXNativeTarget;
			buildConfigurationList = 079FC8532C3FF0ED00E7E59C /* Build configuration list for PBXNativeTarget "TODO" */;
			buildPhases = (
				079FC82B2C3FF0EB00E7E59C /* Sources */,
				079FC82C2C3FF0EB00E7E59C /* Frameworks */,
				079FC82D2C3FF0EB00E7E59C /* Resources */,
			);
			buildRules = (
			);
			dependencies = (
			);
			name = TODO;
			productName = TODO;
			productReference = 079FC82F2C3FF0EB00E7E59C /* TODO.app */;
			productType = "com.apple.product-type.application";
		};
		079FC83E2C3FF0EC00E7E59C /* TODOTests */ = {
			isa = PBXNativeTarget;
			buildConfigurationList = 079FC8562C3FF0ED00E7E59C /* Build configuration list for PBXNativeTarget "TODOTests" */;
			buildPhases = (
				079FC83B2C3FF0EC00E7E59C /* Sources */,
				079FC83C2C3FF0EC00E7E59C /* Frameworks */,
				079FC83D2C3FF0EC00E7E59C /* Resources */,
			);
			buildRules = (
			);
			dependencies = (
				079FC8412C3FF0EC00E7E59C /* PBXTargetDependency */,
			);
			name = TODOTests;
			productName = TODOTests;
			productReference = 079FC83F2C3FF0EC00E7E59C /* TODOTests.xctest */;
			productType = "com.apple.product-type.bundle.unit-test";
		};
		079FC8482C3FF0ED00E7E59C /* TODOUITests */ = {
			isa = PBXNativeTarget;
			buildConfigurationList = 079FC8592C3FF0ED00E7E59C /* Build configuration list for PBXNativeTarget "TODOUITests" */;
			buildPhases = (
				079FC8452C3FF0ED00E7E59C /* Sources */,
				079FC8462C3FF0ED00E7E59C /* Frameworks */,
				079FC8472C3FF0ED00E7E59C /* Resources */,
			);
			buildRules = (
			);
			dependencies = (
				079FC84B2C3FF0ED00E7E59C /* PBXTargetDependency */,
			);
			name = TODOUITests;
			productName = TODOUITests;
			productReference = 079FC8492C3FF0ED00E7E59C /* TODOUITests.xctest */;
			productType = "com.apple.product-type.bundle.ui-testing";
		};
/* End PBXNativeTarget section */

/* Begin PBXProject section */
		079FC8272C3FF0EB00E7E59C /* Project object */ = {
			isa = PBXProject;
			attributes = {
				BuildIndependentTargetsInParallel = 1;
				LastSwiftUpdateCheck = 1540;
				LastUpgradeCheck = 1540;
				TargetAttributes = {
					079FC82E2C3FF0EB00E7E59C = {
						CreatedOnToolsVersion = 15.4;
					};
					079FC83E2C3FF0EC00E7E59C = {
						CreatedOnToolsVersion = 15.4;
						TestTargetID = 079FC82E2C3FF0EB00E7E59C;
					};
					079FC8482C3FF0ED00E7E59C = {
						CreatedOnToolsVersion = 15.4;
						TestTargetID = 079FC82E2C3FF0EB00E7E59C;
					};
				};
			};
			buildConfigurationList = 079FC82A2C3FF0EB00E7E59C /* Build configuration list for PBXProject "TODO" */;
			compatibilityVersion = "Xcode 14.0";
			developmentRegion = en;
			hasScannedForEncodings = 0;
			knownRegions = (
				en,
				Base,
			);
			mainGroup = 079FC8262C3FF0EB00E7E59C;
			productRefGroup = 079FC8302C3FF0EB00E7E59C /* Products */;
			projectDirPath = "";
			projectRoot = "";
			targets = (
				079FC82E2C3FF0EB00E7E59C /* TODO */,
				079FC83E2C3FF0EC00E7E59C /* TODOTests */,
				079FC8482C3FF0ED00E7E59C /* TODOUITests */,
			);
		};
/* End PBXProject section */

/* Begin PBXResourcesBuildPhase section */
		079FC82D2C3FF0EB00E7E59C /* Resources */ = {
			isa = PBXResourcesBuildPhase;
			buildActionMask = 2147483647;
			files = (
				079FC83A2C3FF0EC00E7E59C /* Preview Assets.xcassets in Resources */,
				079FC8372C3FF0EC00E7E59C /* Assets.xcassets in Resources */,
			);
			runOnlyForDeploymentPostprocessing = 0;
		};
		079FC83D2C3FF0EC00E7E59C /* Resources */ = {
			isa = PBXResourcesBuildPhase;
			buildActionMask = 2147483647;
			files = (
			);
			runOnlyForDeploymentPostprocessing = 0;
		};
		079FC8472C3FF0ED00E7E59C /* Resources */ = {
			isa = PBXResourcesBuildPhase;
			buildActionMask = 2147483647;
			files = (
			);
			runOnlyForDeploymentPostprocessing = 0;
		};
/* End PBXResourcesBuildPhase section */

/* Begin PBXSourcesBuildPhase section */
		079FC82B2C3FF0EB00E7E59C /* Sources */ = {
			isa = PBXSourcesBuildPhase;
			buildActionMask = 2147483647;
			files = (
				079FC85D2C3FF10800E7E59C /* TODOService.swift in Sources */,
				079FC8352C3FF0EB00E7E59C /* ContentView.swift in Sources */,
				079FC8332C3FF0EB00E7E59C /* TODOApp.swift in Sources */,
				079FC85F2C3FF11900E7E59C /* TODO.swift in Sources */,
			);
			runOnlyForDeploymentPostprocessing = 0;
		};
		079FC83B2C3FF0EC00E7E59C /* Sources */ = {
			isa = PBXSourcesBuildPhase;
			buildActionMask = 2147483647;
			files = (
				079FC8442C3FF0EC00E7E59C /* TODOTests.swift in Sources */,
			);
			runOnlyForDeploymentPostprocessing = 0;
		};
		079FC8452C3FF0ED00E7E59C /* Sources */ = {
			isa = PBXSourcesBuildPhase;
			buildActionMask = 2147483647;
			files = (
				079FC8502C3FF0ED00E7E59C /* TODOUITestsLaunchTests.swift in Sources */,
				079FC84E2C3FF0ED00E7E59C /* TODOUITests.swift in Sources */,
			);
			runOnlyForDeploymentPostprocessing = 0;
		};
/* End PBXSourcesBuildPhase section */

/* Begin PBXTargetDependency section */
		079FC8412C3FF0EC00E7E59C /* PBXTargetDependency */ = {
			isa = PBXTargetDependency;
			target = 079FC82E2C3FF0EB00E7E59C /* TODO */;
			targetProxy = 079FC8402C3FF0EC00E7E59C /* PBXContainerItemProxy */;
		};
		079FC84B2C3FF0ED00E7E59C /* PBXTargetDependency */ = {
			isa = PBXTargetDependency;
			target = 079FC82E2C3FF0EB00E7E59C /* TODO */;
			targetProxy = 079FC84A2C3FF0ED00E7E59C /* PBXContainerItemProxy */;
		};
/* End PBXTargetDependency section */

/* Begin XCBuildConfiguration section */
		079FC8512C3FF0ED00E7E59C /* Debug */ = {
			isa = XCBuildConfiguration;
			buildSettings = {
				ALWAYS_SEARCH_USER_PATHS = NO;
				ASSETCATALOG_COMPILER_GENERATE_SWIFT_ASSET_SYMBOL_EXTENSIONS = YES;
				CLANG_ANALYZER_NONNULL = YES;
				CLANG_ANALYZER_NUMBER_OBJECT_CONVERSION = YES_AGGRESSIVE;
				CLANG_CXX_LANGUAGE_STANDARD = "gnu++20";
				CLANG_ENABLE_MODULES = YES;
				CLANG_ENABLE_OBJC_ARC = YES;
				CLANG_ENABLE_OBJC_WEAK = YES;
				CLANG_WARN_BLOCK_CAPTURE_AUTORELEASING = YES;
				CLANG_WARN_BOOL_CONVERSION = YES;
				CLANG_WARN_COMMA = YES;
				CLANG_WARN_CONSTANT_CONVERSION = YES;
				CLANG_WARN_DEPRECATED_OBJC_IMPLEMENTATIONS = YES;
				CLANG_WARN_DIRECT_OBJC_ISA_USAGE = YES_ERROR;
				CLANG_WARN_DOCUMENTATION_COMMENTS = YES;
				CLANG_WARN_EMPTY_BODY = YES;
				CLANG_WARN_ENUM_CONVERSION = YES;
				CLANG_WARN_INFINITE_RECURSION = YES;
				CLANG_WARN_INT_CONVERSION = YES;
				CLANG_WARN_NON_LITERAL_NULL_CONVERSION = YES;
				CLANG_WARN_OBJC_IMPLICIT_RETAIN_SELF = YES;
				CLANG_WARN_OBJC_LITERAL_CONVERSION = YES;
				CLANG_WARN_OBJC_ROOT_CLASS = YES_ERROR;
				CLANG_WARN_QUOTED_INCLUDE_IN_FRAMEWORK_HEADER = YES;
				CLANG_WARN_RANGE_LOOP_ANALYSIS = YES;
				CLANG_WARN_STRICT_PROTOTYPES = YES;
				CLANG_WARN_SUSPICIOUS_MOVE = YES;
				CLANG_WARN_UNGUARDED_AVAILABILITY = YES_AGGRESSIVE;
				CLANG_WARN_UNREACHABLE_CODE = YES;
				CLANG_WARN__DUPLICATE_METHOD_MATCH = YES;
				COPY_PHASE_STRIP = NO;
				DEBUG_INFORMATION_FORMAT = dwarf;
				ENABLE_STRICT_OBJC_MSGSEND = YES;
				ENABLE_TESTABILITY = YES;
				ENABLE_USER_SCRIPT_SANDBOXING = YES;
				GCC_C_LANGUAGE_STANDARD = gnu17;
				GCC_DYNAMIC_NO_PIC = NO;
				GCC_NO_COMMON_BLOCKS = YES;
				GCC_OPTIMIZATION_LEVEL = 0;
				GCC_PREPROCESSOR_DEFINITIONS = (
					"DEBUG=1",
					"$(inherited)",
				);
				GCC_WARN_64_TO_32_BIT_CONVERSION = YES;
				GCC_WARN_ABOUT_RETURN_TYPE = YES_ERROR;
				GCC_WARN_UNDECLARED_SELECTOR = YES;
				GCC_WARN_UNINITIALIZED_AUTOS = YES_AGGRESSIVE;
				GCC_WARN_UNUSED_FUNCTION = YES;
				GCC_WARN_UNUSED_VARIABLE = YES;
				IPHONEOS_DEPLOYMENT_TARGET = 17.5;
				LOCALIZATION_PREFERS_STRING_CATALOGS = YES;
				MTL_ENABLE_DEBUG_INFO = INCLUDE_SOURCE;
				MTL_FAST_MATH = YES;
				ONLY_ACTIVE_ARCH = YES;
				SDKROOT = iphoneos;
				SWIFT_ACTIVE_COMPILATION_CONDITIONS = "DEBUG $(inherited)";
				SWIFT_OPTIMIZATION_LEVEL = "-Onone";
			};
			name = Debug;
		};
		079FC8522C3FF0ED00E7E59C /* Release */ = {
			isa = XCBuildConfiguration;
			buildSettings = {
				ALWAYS_SEARCH_USER_PATHS = NO;
				ASSETCATALOG_COMPILER_GENERATE_SWIFT_ASSET_SYMBOL_EXTENSIONS = YES;
				CLANG_ANALYZER_NONNULL = YES;
				CLANG_ANALYZER_NUMBER_OBJECT_CONVERSION = YES_AGGRESSIVE;
				CLANG_CXX_LANGUAGE_STANDARD = "gnu++20";
				CLANG_ENABLE_MODULES = YES;
				CLANG_ENABLE_OBJC_ARC = YES;
				CLANG_ENABLE_OBJC_WEAK = YES;
				CLANG_WARN_BLOCK_CAPTURE_AUTORELEASING = YES;
				CLANG_WARN_BOOL_CONVERSION = YES;
				CLANG_WARN_COMMA = YES;
				CLANG_WARN_CONSTANT_CONVERSION = YES;
				CLANG_WARN_DEPRECATED_OBJC_IMPLEMENTATIONS = YES;
				CLANG_WARN_DIRECT_OBJC_ISA_USAGE = YES_ERROR;
				CLANG_WARN_DOCUMENTATION_COMMENTS = YES;
				CLANG_WARN_EMPTY_BODY = YES;
				CLANG_WARN_ENUM_CONVERSION = YES;
				CLANG_WARN_INFINITE_RECURSION = YES;
				CLANG_WARN_INT_CONVERSION = YES;
				CLANG_WARN_NON_LITERAL_NULL_CONVERSION = YES;
				CLANG_WARN_OBJC_IMPLICIT_RETAIN_SELF = YES;
				CLANG_WARN_OBJC_LITERAL_CONVERSION = YES;
				CLANG_WARN_OBJC_ROOT_CLASS = YES_ERROR;
				CLANG_WARN_QUOTED_INCLUDE_IN_FRAMEWORK_HEADER = YES;
				CLANG_WARN_RANGE_LOOP_ANALYSIS = YES;
				CLANG_WARN_STRICT_PROTOTYPES = YES;
				CLANG_WARN_SUSPICIOUS_MOVE = YES;
				CLANG_WARN_UNGUARDED_AVAILABILITY = YES_AGGRESSIVE;
				CLANG_WARN_UNREACHABLE_CODE = YES;
				CLANG_WARN__DUPLICATE_METHOD_MATCH = YES;
				COPY_PHASE_STRIP = NO;
				DEBUG_INFORMATION_FORMAT = "dwarf-with-dsym";
				ENABLE_NS_ASSERTIONS = NO;
				ENABLE_STRICT_OBJC_MSGSEND = YES;
				ENABLE_USER_SCRIPT_SANDBOXING = YES;
				GCC_C_LANGUAGE_STANDARD = gnu17;
				GCC_NO_COMMON_BLOCKS = YES;
				GCC_WARN_64_TO_32_BIT_CONVERSION = YES;
				GCC_WARN_ABOUT_RETURN_TYPE = YES_ERROR;
				GCC_WARN_UNDECLARED_SELECTOR = YES;
				GCC_WARN_UNINITIALIZED_AUTOS = YES_AGGRESSIVE;
				GCC_WARN_UNUSED_FUNCTION = YES;
				GCC_WARN_UNUSED_VARIABLE = YES;
				IPHONEOS_DEPLOYMENT_TARGET = 17.5;
				LOCALIZATION_PREFERS_STRING_CATALOGS = YES;
				MTL_ENABLE_DEBUG_INFO = NO;
				MTL_FAST_MATH = YES;
				SDKROOT = iphoneos;
				SWIFT_COMPILATION_MODE = wholemodule;
				VALIDATE_PRODUCT = YES;
			};
			name = Release;
		};
		079FC8542C3FF0ED00E7E59C /* Debug */ = {
			isa = XCBuildConfiguration;
			buildSettings = {
				ASSETCATALOG_COMPILER_APPICON_NAME = AppIcon;
				ASSETCATALOG_COMPILER_GLOBAL_ACCENT_COLOR_NAME = AccentColor;
				CODE_SIGN_STYLE = Automatic;
				CURRENT_PROJECT_VERSION = 1;
				DEVELOPMENT_ASSET_PATHS = "\"TODO/Preview Content\"";
				DEVELOPMENT_TEAM = NC7QJBMXKC;
				ENABLE_PREVIEWS = YES;
				GENERATE_INFOPLIST_FILE = YES;
				INFOPLIST_KEY_UIApplicationSceneManifest_Generation = YES;
				INFOPLIST_KEY_UIApplicationSupportsIndirectInputEvents = YES;
				INFOPLIST_KEY_UILaunchScreen_Generation = YES;
				INFOPLIST_KEY_UISupportedInterfaceOrientations_iPad = "UIInterfaceOrientationPortrait UIInterfaceOrientationPortraitUpsideDown UIInterfaceOrientationLandscapeLeft UIInterfaceOrientationLandscapeRight";
				INFOPLIST_KEY_UISupportedInterfaceOrientations_iPhone = "UIInterfaceOrientationPortrait UIInterfaceOrientationLandscapeLeft UIInterfaceOrientationLandscapeRight";
				LD_RUNPATH_SEARCH_PATHS = (
					"$(inherited)",
					"@executable_path/Frameworks",
				);
				MARKETING_VERSION = 1.0;
				PRODUCT_BUNDLE_IDENTIFIER = com.example.TODO;
				PRODUCT_NAME = "$(TARGET_NAME)";
				SWIFT_EMIT_LOC_STRINGS = YES;
				SWIFT_VERSION = 5.0;
				TARGETED_DEVICE_FAMILY = "1,2";
			};
			name = Debug;
		};
		079FC8552C3FF0ED00E7E59C /* Release */ = {
			isa = XCBuildConfiguration;
			buildSettings = {
				ASSETCATALOG_COMPILER_APPICON_NAME = AppIcon;
				ASSETCATALOG_COMPILER_GLOBAL_ACCENT_COLOR_NAME = AccentColor;
				CODE_SIGN_STYLE = Automatic;
				CURRENT_PROJECT_VERSION = 1;
				DEVELOPMENT_ASSET_PATHS = "\"TODO/Preview Content\"";
				DEVELOPMENT_TEAM = NC7QJBMXKC;
				ENABLE_PREVIEWS = YES;
				GENERATE_INFOPLIST_FILE = YES;
				INFOPLIST_KEY_UIApplicationSceneManifest_Generation = YES;
				INFOPLIST_KEY_UIApplicationSupportsIndirectInputEvents = YES;
				INFOPLIST_KEY_UILaunchScreen_Generation = YES;
				INFOPLIST_KEY_UISupportedInterfaceOrientations_iPad = "UIInterfaceOrientationPortrait UIInterfaceOrientationPortraitUpsideDown UIInterfaceOrientationLandscapeLeft UIInterfaceOrientationLandscapeRight";
				INFOPLIST_KEY_UISupportedInterfaceOrientations_iPhone = "UIInterfaceOrientationPortrait UIInterfaceOrientationLandscapeLeft UIInterfaceOrientationLandscapeRight";
				LD_RUNPATH_SEARCH_PATHS = (
					"$(inherited)",
					"@executable_path/Frameworks",
				);
				MARKETING_VERSION = 1.0;
				PRODUCT_BUNDLE_IDENTIFIER = com.example.TODO;
				PRODUCT_NAME = "$(TARGET_NAME)";
				SWIFT_EMIT_LOC_STRINGS = YES;
				SWIFT_VERSION = 5.0;
				TARGETED_DEVICE_FAMILY = "1,2";
			};
			name = Release;
		};
		079FC8572C3FF0ED00E7E59C /* Debug */ = {
			isa = XCBuildConfiguration;
			buildSettings = {
				ALWAYS_EMBED_SWIFT_STANDARD_LIBRARIES = YES;
				BUNDLE_LOADER = "$(TEST_HOST)";
				CODE_SIGN_STYLE = Automatic;
				CURRENT_PROJECT_VERSION = 1;
				DEVELOPMENT_TEAM = NC7QJBMXKC;
				GENERATE_INFOPLIST_FILE = YES;
				IPHONEOS_DEPLOYMENT_TARGET = 17.5;
				MARKETING_VERSION = 1.0;
				PRODUCT_BUNDLE_IDENTIFIER = com.example.TODOTests;
				PRODUCT_NAME = "$(TARGET_NAME)";
				SWIFT_EMIT_LOC_STRINGS = NO;
				SWIFT_VERSION = 5.0;
				TARGETED_DEVICE_FAMILY = "1,2";
				TEST_HOST = "$(BUILT_PRODUCTS_DIR)/TODO.app/$(BUNDLE_EXECUTABLE_FOLDER_PATH)/TODO";
			};
			name = Debug;
		};
		079FC8582C3FF0ED00E7E59C /* Release */ = {
			isa = XCBuildConfiguration;
			buildSettings = {
				ALWAYS_EMBED_SWIFT_STANDARD_LIBRARIES = YES;
				BUNDLE_LOADER = "$(TEST_HOST)";
				CODE_SIGN_STYLE = Automatic;
				CURRENT_PROJECT_VERSION = 1;
				DEVELOPMENT_TEAM = NC7QJBMXKC;
				GENERATE_INFOPLIST_FILE = YES;
				IPHONEOS_DEPLOYMENT_TARGET = 17.5;
				MARKETING_VERSION = 1.0;
				PRODUCT_BUNDLE_IDENTIFIER = com.example.TODOTests;
				PRODUCT_NAME = "$(TARGET_NAME)";
				SWIFT_EMIT_LOC_STRINGS = NO;
				SWIFT_VERSION = 5.0;
				TARGETED_DEVICE_FAMILY = "1,2";
				TEST_HOST = "$(BUILT_PRODUCTS_DIR)/TODO.app/$(BUNDLE_EXECUTABLE_FOLDER_PATH)/TODO";
			};
			name = Release;
		};
		079FC85A2C3FF0ED00E7E59C /* Debug */ = {
			isa = XCBuildConfiguration;
			buildSettings = {
				ALWAYS_EMBED_SWIFT_STANDARD_LIBRARIES = YES;
				CODE_SIGN_STYLE = Automatic;
				CURRENT_PROJECT_VERSION = 1;
				DEVELOPMENT_TEAM = NC7QJBMXKC;
				GENERATE_INFOPLIST_FILE = YES;
				MARKETING_VERSION = 1.0;
				PRODUCT_BUNDLE_IDENTIFIER = com.example.TODOUITests;
				PRODUCT_NAME = "$(TARGET_NAME)";
				SWIFT_EMIT_LOC_STRINGS = NO;
				SWIFT_VERSION = 5.0;
				TARGETED_DEVICE_FAMILY = "1,2";
				TEST_TARGET_NAME = TODO;
			};
			name = Debug;
		};
		079FC85B2C3FF0ED00E7E59C /* Release */ = {
			isa = XCBuildConfiguration;
			buildSettings = {
				ALWAYS_EMBED_SWIFT_STANDARD_LIBRARIES = YES;
				CODE_SIGN_STYLE = Automatic;
				CURRENT_PROJECT_VERSION = 1;
				DEVELOPMENT_TEAM = NC7QJBMXKC;
				GENERATE_INFOPLIST_FILE = YES;
				MARKETING_VERSION = 1.0;
				PRODUCT_BUNDLE_IDENTIFIER = com.example.TODOUITests;
				PRODUCT_NAME = "$(TARGET_NAME)";
				SWIFT_EMIT_LOC_STRINGS = NO;
				SWIFT_VERSION = 5.0;
				TARGETED_DEVICE_FAMILY = "1,2";
				TEST_TARGET_NAME = TODO;
			};
			name = Release;
		};
/* End XCBuildConfiguration section */

/* Begin XCConfigurationList section */
		079FC82A2C3FF0EB00E7E59C /* Build configuration list for PBXProject "TODO" */ = {
			isa = XCConfigurationList;
			buildConfigurations = (
				079FC8512C3FF0ED00E7E59C /* Debug */,
				079FC8522C3FF0ED00E7E59C /* Release */,
			);
			defaultConfigurationIsVisible = 0;
			defaultConfigurationName = Release;
		};
		079FC8532C3FF0ED00E7E59C /* Build configuration list for PBXNativeTarget "TODO" */ = {
			isa = XCConfigurationList;
			buildConfigurations = (
				079FC8542C3FF0ED00E7E59C /* Debug */,
				079FC8552C3FF0ED00E7E59C /* Release */,
			);
			defaultConfigurationIsVisible = 0;
			defaultConfigurationName = Release;
		};
		079FC8562C3FF0ED00E7E59C /* Build configuration list for PBXNativeTarget "TODOTests" */ = {
			isa = XCConfigurationList;
			buildConfigurations = (
				079FC8572C3FF0ED00E7E59C /* Debug */,
				079FC8582C3FF0ED00E7E59C /* Release */,
			);
			defaultConfigurationIsVisible = 0;
			defaultConfigurationName = Release;
		};
		079FC8592C3FF0ED00E7E59C /* Build configuration list for PBXNativeTarget "TODOUITests" */ = {
			isa = XCConfigurationList;
			buildConfigurations = (
				079FC85A2C3FF0ED00E7E59C /* Debug */,
				079FC85B2C3FF0ED00E7E59C /* Release */,
			);
			defaultConfigurationIsVisible = 0;
			defaultConfigurationName = Release;
		};
/* End XCConfigurationList section */
	};
	rootObject = 079FC8272C3FF0EB00E7E59C /* Project object */;
}
